
Microsoft Visual Studio Solution File, Format Version 12.00
# Visual Studio Version 17
VisualStudioVersion = 17.9.34622.214
MinimumVisualStudioVersion = 10.0.40219.1
Project("{FAE04EC0-301F-11D3-BF4B-00C04F79EFBC}") = "backAPI", "backAPI\backAPI.csproj", "{CA5EA929-724A-4AC1-B75B-957154436148}"
EndProject
Global
	GlobalSection(SolutionConfigurationPlatforms) = preSolution
		Debug|Any CPU = Debug|Any CPU
		Release|Any CPU = Release|Any CPU
	EndGlobalSection
	GlobalSection(ProjectConfigurationPlatforms) = postSolution
		{CA5EA929-724A-4AC1-B75B-957154436148}.Debug|Any CPU.ActiveCfg = Debug|Any CPU
		{CA5EA929-724A-4AC1-B75B-957154436148}.Debug|Any CPU.Build.0 = Debug|Any CPU
		{CA5EA929-724A-4AC1-B75B-957154436148}.Release|Any CPU.ActiveCfg = Release|Any CPU
		{CA5EA929-724A-4AC1-B75B-957154436148}.Release|Any CPU.Build.0 = Release|Any CPU
	EndGlobalSection
	GlobalSection(SolutionProperties) = preSolution
		HideSolutionNode = FALSE
	EndGlobalSection
	GlobalSection(ExtensibilityGlobals) = postSolution
		SolutionGuid = {D711ABC9-8ED1-4040-B3C3-C08C8E080FE1}
	EndGlobalSection
EndGlobal
